
Microsoft Visual Studio Solution File, Format Version 12.00
# Visual Studio Version 17
VisualStudioVersion = 17.5.33530.505
MinimumVisualStudioVersion = 10.0.40219.1
Project("{FAE04EC0-301F-11D3-BF4B-00C04F79EFBC}") = "Visitor", "Visitor\Visitor.csproj", "{2CB8F38C-6412-4292-9558-52ACA2A62B6C}"
EndProject
Project("{2150E333-8FDC-42A3-9474-1A3956D46DE8}") = "Solution Items", "Solution Items", "{0B540695-EAF0-424F-A288-682386C7D381}"
EndProject
Global
	GlobalSection(SolutionConfigurationPlatforms) = preSolution
		Debug|Any CPU = Debug|Any CPU
		Release|Any CPU = Release|Any CPU
	EndGlobalSection
	GlobalSection(ProjectConfigurationPlatforms) = postSolution
		{2CB8F38C-6412-4292-9558-52ACA2A62B6C}.Debug|Any CPU.ActiveCfg = Debug|Any CPU
		{2CB8F38C-6412-4292-9558-52ACA2A62B6C}.Debug|Any CPU.Build.0 = Debug|Any CPU
		{2CB8F38C-6412-4292-9558-52ACA2A62B6C}.Release|Any CPU.ActiveCfg = Release|Any CPU
		{2CB8F38C-6412-4292-9558-52ACA2A62B6C}.Release|Any CPU.Build.0 = Release|Any CPU
	EndGlobalSection
	GlobalSection(SolutionProperties) = preSolution
		HideSolutionNode = FALSE
	EndGlobalSection
	GlobalSection(ExtensibilityGlobals) = postSolution
		SolutionGuid = {440AEC3E-9D83-4C4D-A194-C90E05C01380}
	EndGlobalSection
EndGlobal
