
Microsoft Visual Studio Solution File, Format Version 12.00
# Visual Studio Version 17
VisualStudioVersion = 17.5.33530.505
MinimumVisualStudioVersion = 10.0.40219.1
Project("{9A19103F-16F7-4668-BE54-9A1E7A4F7556}") = "IfElsePattern", "IfElsePattern\IfElsePattern.csproj", "{FDBC99FD-5BFF-4CED-AB66-3A0BA931A61C}"
EndProject
Project("{2150E333-8FDC-42A3-9474-1A3956D46DE8}") = "Solution Items", "Solution Items", "{708468D3-74E9-4154-9045-986248DF3840}"
	ProjectSection(SolutionItems) = preProject
		.editorconfig = .editorconfig
	EndProjectSection
EndProject
Global
	GlobalSection(SolutionConfigurationPlatforms) = preSolution
		Debug|Any CPU = Debug|Any CPU
		Release|Any CPU = Release|Any CPU
	EndGlobalSection
	GlobalSection(ProjectConfigurationPlatforms) = postSolution
		{FDBC99FD-5BFF-4CED-AB66-3A0BA931A61C}.Debug|Any CPU.ActiveCfg = Debug|Any CPU
		{FDBC99FD-5BFF-4CED-AB66-3A0BA931A61C}.Debug|Any CPU.Build.0 = Debug|Any CPU
		{FDBC99FD-5BFF-4CED-AB66-3A0BA931A61C}.Release|Any CPU.ActiveCfg = Release|Any CPU
		{FDBC99FD-5BFF-4CED-AB66-3A0BA931A61C}.Release|Any CPU.Build.0 = Release|Any CPU
	EndGlobalSection
	GlobalSection(SolutionProperties) = preSolution
		HideSolutionNode = FALSE
	EndGlobalSection
	GlobalSection(ExtensibilityGlobals) = postSolution
		SolutionGuid = {E43167ED-7307-46A3-9BBA-6CE5F57FE73E}
	EndGlobalSection
EndGlobal
