
Microsoft Visual Studio Solution File, Format Version 12.00
# Visual Studio Version 17
VisualStudioVersion = 17.5.33530.505
MinimumVisualStudioVersion = 10.0.40219.1
Project("{FAE04EC0-301F-11D3-BF4B-00C04F79EFBC}") = "Composite", "Composite\Composite.csproj", "{2ABE4BC5-153D-49E2-AE99-C5296F1CEDEB}"
EndProject
Global
	GlobalSection(SolutionConfigurationPlatforms) = preSolution
		Debug|Any CPU = Debug|Any CPU
		Release|Any CPU = Release|Any CPU
	EndGlobalSection
	GlobalSection(ProjectConfigurationPlatforms) = postSolution
		{2ABE4BC5-153D-49E2-AE99-C5296F1CEDEB}.Debug|Any CPU.ActiveCfg = Debug|Any CPU
		{2ABE4BC5-153D-49E2-AE99-C5296F1CEDEB}.Debug|Any CPU.Build.0 = Debug|Any CPU
		{2ABE4BC5-153D-49E2-AE99-C5296F1CEDEB}.Release|Any CPU.ActiveCfg = Release|Any CPU
		{2ABE4BC5-153D-49E2-AE99-C5296F1CEDEB}.Release|Any CPU.Build.0 = Release|Any CPU
	EndGlobalSection
	GlobalSection(SolutionProperties) = preSolution
		HideSolutionNode = FALSE
	EndGlobalSection
	GlobalSection(ExtensibilityGlobals) = postSolution
		SolutionGuid = {03FFAA6F-BA69-4C51-A677-C6047F16AE0C}
	EndGlobalSection
EndGlobal
